{
  "version": 4,
  "terraform_version": "1.4.5",
  "serial": 16,
  "lineage": "d29d5dd6-f861-1573-b40c-701d9b01922a",
  "outputs": {
    "myip": {
      "value": "13.127.31.25",
      "type": "string"
    }
  },
  "resources": [
    {
      "module": "module.mywebserver",
      "mode": "data",
      "type": "aws_ami",
      "name": "myamis",
      "provider": "provider[\"registry.terraform.io/hashicorp/aws\"]",
      "instances": [
        {
          "schema_version": 0,
          "attributes": {
            "architecture": "x86_64",
            "arn": "arn:aws:ec2:ap-south-1::image/ami-0f6f58b29c9f73258",
            "block_device_mappings": [
              {
                "device_name": "/dev/xvda",
                "ebs": {
                  "delete_on_termination": "true",
                  "encrypted": "false",
                  "iops": "0",
                  "snapshot_id": "snap-0b16d9f2db161728e",
                  "throughput": "0",
                  "volume_size": "8",
                  "volume_type": "gp2"
                },
                "no_device": "",
                "virtual_name": ""
              }
            ],
            "boot_mode": "",
            "creation_date": "2023-06-13T22:03:57.000Z",
            "deprecation_time": "2025-06-13T22:03:57.000Z",
            "description": "Amazon Linux 2 AMI 2.0.20230612.0 x86_64 HVM gp2",
            "ena_support": true,
            "executable_users": null,
            "filter": [
              {
                "name": "architecture",
                "values": [
                  "x86_64"
                ]
              },
              {
                "name": "name",
                "values": [
                  "amzn2-ami-hvm-*-gp2"
                ]
              },
              {
                "name": "root-device-type",
                "values": [
                  "ebs"
                ]
              },
              {
                "name": "virtualization-type",
                "values": [
                  "hvm"
                ]
              }
            ],
            "hypervisor": "xen",
            "id": "ami-0f6f58b29c9f73258",
            "image_id": "ami-0f6f58b29c9f73258",
            "image_location": "amazon/amzn2-ami-hvm-2.0.20230612.0-x86_64-gp2",
            "image_owner_alias": "amazon",
            "image_type": "machine",
            "imds_support": "",
            "include_deprecated": false,
            "kernel_id": "",
            "most_recent": true,
            "name": "amzn2-ami-hvm-2.0.20230612.0-x86_64-gp2",
            "name_regex": null,
            "owner_id": "137112412989",
            "owners": [
              "amazon"
            ],
            "platform": "",
            "platform_details": "Linux/UNIX",
            "product_codes": [],
            "public": true,
            "ramdisk_id": "",
            "root_device_name": "/dev/xvda",
            "root_device_type": "ebs",
            "root_snapshot_id": "snap-0b16d9f2db161728e",
            "sriov_net_support": "simple",
            "state": "available",
            "state_reason": {
              "code": "UNSET",
              "message": "UNSET"
            },
            "tags": {},
            "timeouts": null,
            "tpm_support": "",
            "usage_operation": "RunInstances",
            "virtualization_type": "hvm"
          },
          "sensitive_attributes": []
        }
      ]
    },
    {
      "module": "module.mywebserver",
      "mode": "managed",
      "type": "aws_instance",
      "name": "my-http-server",
      "provider": "provider[\"registry.terraform.io/hashicorp/aws\"]",
      "instances": [
        {
          "schema_version": 1,
          "attributes": {
            "ami": "ami-0f6f58b29c9f73258",
            "arn": "arn:aws:ec2:ap-south-1:002232029792:instance/i-0207b6909738a286c",
            "associate_public_ip_address": true,
            "availability_zone": "ap-south-1a",
            "capacity_reservation_specification": [
              {
                "capacity_reservation_preference": "open",
                "capacity_reservation_target": []
              }
            ],
            "cpu_core_count": 1,
            "cpu_options": [
              {
                "amd_sev_snp": "",
                "core_count": 1,
                "threads_per_core": 1
              }
            ],
            "cpu_threads_per_core": 1,
            "credit_specification": [
              {
                "cpu_credits": "standard"
              }
            ],
            "disable_api_stop": false,
            "disable_api_termination": false,
            "ebs_block_device": [],
            "ebs_optimized": false,
            "enclave_options": [
              {
                "enabled": false
              }
            ],
            "ephemeral_block_device": [],
            "get_password_data": false,
            "hibernation": false,
            "host_id": "",
            "host_resource_group_arn": null,
            "iam_instance_profile": "",
            "id": "i-0207b6909738a286c",
            "instance_initiated_shutdown_behavior": "stop",
            "instance_lifecycle": "",
            "instance_market_options": [],
            "instance_state": "running",
            "instance_type": "t2.micro",
            "ipv6_address_count": 0,
            "ipv6_addresses": [],
            "key_name": "my-instance-web-key",
            "launch_template": [],
            "maintenance_options": [
              {
                "auto_recovery": "default"
              }
            ],
            "metadata_options": [
              {
                "http_endpoint": "enabled",
                "http_put_response_hop_limit": 1,
                "http_tokens": "optional",
                "instance_metadata_tags": "disabled"
              }
            ],
            "monitoring": false,
            "network_interface": [],
            "outpost_arn": "",
            "password_data": "",
            "placement_group": "",
            "placement_partition_number": 0,
            "primary_network_interface_id": "eni-041f266e7cc4ac91c",
            "private_dns": "ip-192-168-100-245.ap-south-1.compute.internal",
            "private_dns_name_options": [
              {
                "enable_resource_name_dns_a_record": false,
                "enable_resource_name_dns_aaaa_record": false,
                "hostname_type": "ip-name"
              }
            ],
            "private_ip": "192.168.100.245",
            "public_dns": "",
            "public_ip": "13.127.31.25",
            "root_block_device": [
              {
                "delete_on_termination": true,
                "device_name": "/dev/xvda",
                "encrypted": false,
                "iops": 100,
                "kms_key_id": "",
                "tags": {},
                "throughput": 0,
                "volume_id": "vol-036c2c14e8692646e",
                "volume_size": 8,
                "volume_type": "gp2"
              }
            ],
            "secondary_private_ips": [],
            "security_groups": [],
            "source_dest_check": true,
            "spot_instance_request_id": "",
            "subnet_id": "subnet-01453e7250080716c",
            "tags": {
              "OS": "amazon",
              "env": "test"
            },
            "tags_all": {
              "OS": "amazon",
              "env": "test"
            },
            "tenancy": "default",
            "timeouts": null,
            "user_data": "48dbcae45a149be215809770daf506f2712ae33c",
            "user_data_base64": null,
            "user_data_replace_on_change": false,
            "volume_tags": null,
            "vpc_security_group_ids": [
              "sg-0481023a29bacc78e"
            ]
          },
          "sensitive_attributes": [],
          "private": "eyJlMmJmYjczMC1lY2FhLTExZTYtOGY4OC0zNDM2M2JjN2M0YzAiOnsiY3JlYXRlIjo2MDAwMDAwMDAwMDAsImRlbGV0ZSI6MTIwMDAwMDAwMDAwMCwidXBkYXRlIjo2MDAwMDAwMDAwMDB9LCJzY2hlbWFfdmVyc2lvbiI6IjEifQ==",
          "dependencies": [
            "module.mywebserver.aws_key_pair.my-instance-key",
            "module.mywebserver.aws_security_group.dev-vpc-sg",
            "module.mywebserver.aws_subnet.my-vpc-subnet",
            "module.mywebserver.aws_vpc.myvpc",
            "module.mywebserver.data.aws_ami.myamis",
            "module.mywebserver.tls_private_key.my-key-mangesh"
          ]
        }
      ]
    },
    {
      "module": "module.mywebserver",
      "mode": "managed",
      "type": "aws_internet_gateway",
      "name": "myvpc-internet-igw",
      "provider": "provider[\"registry.terraform.io/hashicorp/aws\"]",
      "instances": [
        {
          "schema_version": 0,
          "attributes": {
            "arn": "arn:aws:ec2:ap-south-1:002232029792:internet-gateway/igw-009e92f8120b25809",
            "id": "igw-009e92f8120b25809",
            "owner_id": "002232029792",
            "tags": null,
            "tags_all": {},
            "timeouts": null,
            "vpc_id": "vpc-07cea4339268ce2af"
          },
          "sensitive_attributes": [],
          "private": "eyJlMmJmYjczMC1lY2FhLTExZTYtOGY4OC0zNDM2M2JjN2M0YzAiOnsiY3JlYXRlIjoxMjAwMDAwMDAwMDAwLCJkZWxldGUiOjEyMDAwMDAwMDAwMDAsInVwZGF0ZSI6MTIwMDAwMDAwMDAwMH19",
          "dependencies": [
            "module.mywebserver.aws_vpc.myvpc"
          ]
        }
      ]
    },
    {
      "module": "module.mywebserver",
      "mode": "managed",
      "type": "aws_key_pair",
      "name": "my-instance-key",
      "provider": "provider[\"registry.terraform.io/hashicorp/aws\"]",
      "instances": [
        {
          "schema_version": 1,
          "attributes": {
            "arn": "arn:aws:ec2:ap-south-1:002232029792:key-pair/my-instance-web-key",
            "fingerprint": "e1:6a:1c:f4:bd:96:74:81:40:41:b5:e5:08:19:b6:02",
            "id": "my-instance-web-key",
            "key_name": "my-instance-web-key",
            "key_name_prefix": "",
            "key_pair_id": "key-09134e8009ff1d32a",
            "key_type": "rsa",
            "public_key": "ssh-rsa AAAAB3NzaC1yc2EAAAADAQABAAACAQCcTjLfODHWGR0HagzJ1T4QhfanGlejH7coINaNOwWHjQ3bqjwTHQX5YF+iwp8jc+NEX4evz9sbYQ2xbT6jd8ys6IEkyvjQLbUnu+7o86hnKniXFWkN6slRZAXVW5NWzE8hx8hm139xg1r2ODOzSWGh51D/RkOMiDa8YHQ2vsba1/NL9UvItzDu+NYt0W91FaZbgsdlrWAfBFMQcrYsLJzY24/UvfX5rYrUqa2nTDuL9oK9JfUe9RZHoSK29Wh4s/I15UqT6yI3+0M3FttuA5DtOoDmWE2H7nF+CHBwOu/TMOARpaM6nxxILgUP92dJWHeQQZfHydEJQBTQEJUaRcweE7Vy+qebvDZu8ngrQS1+eQgVtA7aNwA5gWZ/LGXrKMIIHtTWj8gl7nJZPjzCvDvhjvpVQ4M/gyVwtcmP1Fy3Zs6sPhybhIaP+PRlRWiaweoiRTsnzi+4uFWeE3MOzjcNu/Pw2aZ1AKvpI4zvSj5ztKYnIVU/rEdtOeWemHqDzXOC1AZpMyiE2OHPSV+3jUS9mmp519wmIM3iTQS/aliJOwTY3zH11mBHhW25PBSLHITc7gO8KkcRN/JWFyFP3Fuj5Mi1U6/UTm0jheqmebbS6IQ89qeUVpJeueQuj5Eo9djR7CpnAoToE3fZEmu6knYpHgOqWJELPrdMinS+W9+5Mw==",
            "tags": {},
            "tags_all": {}
          },
          "sensitive_attributes": [],
          "private": "eyJzY2hlbWFfdmVyc2lvbiI6IjEifQ==",
          "dependencies": [
            "module.mywebserver.tls_private_key.my-key-mangesh"
          ]
        }
      ]
    },
    {
      "module": "module.mywebserver",
      "mode": "managed",
      "type": "aws_route",
      "name": "my-route",
      "provider": "provider[\"registry.terraform.io/hashicorp/aws\"]",
      "instances": [
        {
          "schema_version": 0,
          "attributes": {
            "carrier_gateway_id": "",
            "core_network_arn": "",
            "destination_cidr_block": "0.0.0.0/0",
            "destination_ipv6_cidr_block": "",
            "destination_prefix_list_id": "",
            "egress_only_gateway_id": "",
            "gateway_id": "igw-009e92f8120b25809",
            "id": "r-rtb-0a69826bab9396ccb1080289494",
            "instance_id": "",
            "instance_owner_id": "",
            "local_gateway_id": "",
            "nat_gateway_id": "",
            "network_interface_id": "",
            "origin": "CreateRoute",
            "route_table_id": "rtb-0a69826bab9396ccb",
            "state": "active",
            "timeouts": null,
            "transit_gateway_id": "",
            "vpc_endpoint_id": "",
            "vpc_peering_connection_id": ""
          },
          "sensitive_attributes": [],
          "private": "eyJlMmJmYjczMC1lY2FhLTExZTYtOGY4OC0zNDM2M2JjN2M0YzAiOnsiY3JlYXRlIjozMDAwMDAwMDAwMDAsImRlbGV0ZSI6MzAwMDAwMDAwMDAwLCJ1cGRhdGUiOjEyMDAwMDAwMDAwMH19",
          "dependencies": [
            "module.mywebserver.aws_internet_gateway.myvpc-internet-igw",
            "module.mywebserver.aws_route_table.myvpc-route-table",
            "module.mywebserver.aws_vpc.myvpc"
          ]
        }
      ]
    },
    {
      "module": "module.mywebserver",
      "mode": "managed",
      "type": "aws_route_table",
      "name": "myvpc-route-table",
      "provider": "provider[\"registry.terraform.io/hashicorp/aws\"]",
      "instances": [
        {
          "schema_version": 0,
          "attributes": {
            "arn": "arn:aws:ec2:ap-south-1:002232029792:route-table/rtb-0a69826bab9396ccb",
            "id": "rtb-0a69826bab9396ccb",
            "owner_id": "002232029792",
            "propagating_vgws": [],
            "route": [],
            "tags": {},
            "tags_all": {},
            "timeouts": null,
            "vpc_id": "vpc-07cea4339268ce2af"
          },
          "sensitive_attributes": [],
          "private": "eyJlMmJmYjczMC1lY2FhLTExZTYtOGY4OC0zNDM2M2JjN2M0YzAiOnsiY3JlYXRlIjozMDAwMDAwMDAwMDAsImRlbGV0ZSI6MzAwMDAwMDAwMDAwLCJ1cGRhdGUiOjEyMDAwMDAwMDAwMH19",
          "dependencies": [
            "module.mywebserver.aws_vpc.myvpc"
          ]
        }
      ]
    },
    {
      "module": "module.mywebserver",
      "mode": "managed",
      "type": "aws_route_table_association",
      "name": "myvpc-route-table-associatation",
      "provider": "provider[\"registry.terraform.io/hashicorp/aws\"]",
      "instances": [
        {
          "schema_version": 0,
          "attributes": {
            "gateway_id": "",
            "id": "rtbassoc-0720cec3c53308e62",
            "route_table_id": "rtb-0a69826bab9396ccb",
            "subnet_id": "subnet-01453e7250080716c",
            "timeouts": null
          },
          "sensitive_attributes": [],
          "private": "eyJlMmJmYjczMC1lY2FhLTExZTYtOGY4OC0zNDM2M2JjN2M0YzAiOnsiY3JlYXRlIjozMDAwMDAwMDAwMDAsImRlbGV0ZSI6MzAwMDAwMDAwMDAwLCJ1cGRhdGUiOjEyMDAwMDAwMDAwMH19",
          "dependencies": [
            "module.mywebserver.aws_route_table.myvpc-route-table",
            "module.mywebserver.aws_subnet.my-vpc-subnet",
            "module.mywebserver.aws_vpc.myvpc"
          ]
        }
      ]
    },
    {
      "module": "module.mywebserver",
      "mode": "managed",
      "type": "aws_security_group",
      "name": "dev-vpc-sg",
      "provider": "provider[\"registry.terraform.io/hashicorp/aws\"]",
      "instances": [
        {
          "schema_version": 1,
          "attributes": {
            "arn": "arn:aws:ec2:ap-south-1:002232029792:security-group/sg-0481023a29bacc78e",
            "description": "Dev VPC Default Security Group",
            "egress": [
              {
                "cidr_blocks": [
                  "0.0.0.0/0"
                ],
                "description": "Allow all IP and Ports Outbound",
                "from_port": 0,
                "ipv6_cidr_blocks": [],
                "prefix_list_ids": [],
                "protocol": "-1",
                "security_groups": [],
                "self": false,
                "to_port": 0
              }
            ],
            "id": "sg-0481023a29bacc78e",
            "ingress": [
              {
                "cidr_blocks": [
                  "0.0.0.0/0"
                ],
                "description": "Allow Port 22",
                "from_port": 22,
                "ipv6_cidr_blocks": [],
                "prefix_list_ids": [],
                "protocol": "tcp",
                "security_groups": [],
                "self": false,
                "to_port": 22
              },
              {
                "cidr_blocks": [
                  "0.0.0.0/0"
                ],
                "description": "Allow Port 80",
                "from_port": 80,
                "ipv6_cidr_blocks": [],
                "prefix_list_ids": [],
                "protocol": "tcp",
                "security_groups": [],
                "self": false,
                "to_port": 80
              }
            ],
            "name": "dev-vpc-default-sg",
            "name_prefix": "",
            "owner_id": "002232029792",
            "revoke_rules_on_delete": false,
            "tags": {},
            "tags_all": {},
            "timeouts": null,
            "vpc_id": "vpc-07cea4339268ce2af"
          },
          "sensitive_attributes": [],
          "private": "eyJlMmJmYjczMC1lY2FhLTExZTYtOGY4OC0zNDM2M2JjN2M0YzAiOnsiY3JlYXRlIjo2MDAwMDAwMDAwMDAsImRlbGV0ZSI6OTAwMDAwMDAwMDAwfSwic2NoZW1hX3ZlcnNpb24iOiIxIn0=",
          "dependencies": [
            "module.mywebserver.aws_vpc.myvpc"
          ]
        }
      ]
    },
    {
      "module": "module.mywebserver",
      "mode": "managed",
      "type": "aws_subnet",
      "name": "my-vpc-subnet",
      "provider": "provider[\"registry.terraform.io/hashicorp/aws\"]",
      "instances": [
        {
          "schema_version": 1,
          "attributes": {
            "arn": "arn:aws:ec2:ap-south-1:002232029792:subnet/subnet-01453e7250080716c",
            "assign_ipv6_address_on_creation": false,
            "availability_zone": "ap-south-1a",
            "availability_zone_id": "aps1-az1",
            "cidr_block": "192.168.100.0/24",
            "customer_owned_ipv4_pool": "",
            "enable_dns64": false,
            "enable_lni_at_device_index": 0,
            "enable_resource_name_dns_a_record_on_launch": false,
            "enable_resource_name_dns_aaaa_record_on_launch": false,
            "id": "subnet-01453e7250080716c",
            "ipv6_cidr_block": "",
            "ipv6_cidr_block_association_id": "",
            "ipv6_native": false,
            "map_customer_owned_ip_on_launch": false,
            "map_public_ip_on_launch": true,
            "outpost_arn": "",
            "owner_id": "002232029792",
            "private_dns_hostname_type_on_launch": "ip-name",
            "tags": {},
            "tags_all": {},
            "timeouts": null,
            "vpc_id": "vpc-07cea4339268ce2af"
          },
          "sensitive_attributes": [],
          "private": "eyJlMmJmYjczMC1lY2FhLTExZTYtOGY4OC0zNDM2M2JjN2M0YzAiOnsiY3JlYXRlIjo2MDAwMDAwMDAwMDAsImRlbGV0ZSI6MTIwMDAwMDAwMDAwMH0sInNjaGVtYV92ZXJzaW9uIjoiMSJ9",
          "dependencies": [
            "module.mywebserver.aws_vpc.myvpc"
          ]
        }
      ]
    },
    {
      "module": "module.mywebserver",
      "mode": "managed",
      "type": "aws_vpc",
      "name": "myvpc",
      "provider": "provider[\"registry.terraform.io/hashicorp/aws\"]",
      "instances": [
        {
          "schema_version": 1,
          "attributes": {
            "arn": "arn:aws:ec2:ap-south-1:002232029792:vpc/vpc-07cea4339268ce2af",
            "assign_generated_ipv6_cidr_block": false,
            "cidr_block": "192.168.100.0/24",
            "default_network_acl_id": "acl-08a0e62c11dc661cf",
            "default_route_table_id": "rtb-0e8d9af1c77869b75",
            "default_security_group_id": "sg-0d8ecbc9ce872631b",
            "dhcp_options_id": "dopt-01431bfa756b4ac1d",
            "enable_dns_hostnames": false,
            "enable_dns_support": true,
            "enable_network_address_usage_metrics": false,
            "id": "vpc-07cea4339268ce2af",
            "instance_tenancy": "default",
            "ipv4_ipam_pool_id": null,
            "ipv4_netmask_length": null,
            "ipv6_association_id": "",
            "ipv6_cidr_block": "",
            "ipv6_cidr_block_network_border_group": "",
            "ipv6_ipam_pool_id": "",
            "ipv6_netmask_length": 0,
            "main_route_table_id": "rtb-0e8d9af1c77869b75",
            "owner_id": "002232029792",
            "tags": {
              "name": "dev"
            },
            "tags_all": {
              "name": "dev"
            }
          },
          "sensitive_attributes": [],
          "private": "eyJzY2hlbWFfdmVyc2lvbiI6IjEifQ=="
        }
      ]
    },
    {
      "module": "module.mywebserver",
      "mode": "managed",
      "type": "tls_private_key",
      "name": "my-key-mangesh",
      "provider": "provider[\"registry.terraform.io/hashicorp/tls\"]",
      "instances": [
        {
          "schema_version": 1,
          "attributes": {
            "algorithm": "RSA",
            "ecdsa_curve": "P224",
            "id": "929ee293eb42f775e7b143931dcdeddec26da74d",
            "private_key_openssh": "-----BEGIN OPENSSH PRIVATE KEY-----\nb3BlbnNzaC1rZXktdjEAAAAABG5vbmUAAAAEbm9uZQAAAAAAAAABAAACFwAAAAdz\nc2gtcnNhAAAAAwEAAQAAAgEAnE4y3zgx1hkdB2oMydU+EIX2pxpXox+3KCDWjTsF\nh40N26o8Ex0F+WBfosKfI3PjRF+Hr8/bG2ENsW0+o3fMrOiBJMr40C21J7vu6POo\nZyp4lxVpDerJUWQF1VuTVsxPIcfIZtd/cYNa9jgzs0lhoedQ/0ZDjIg2vGB0Nr7G\n2tfzS/VLyLcw7vjWLdFvdRWmW4LHZa1gHwRTEHK2LCyc2NuP1L31+a2K1Kmtp0w7\ni/aCvSX1HvUWR6EitvVoeLPyNeVKk+siN/tDNxbbbgOQ7TqA5lhNh+5xfghwcDrv\n0zDgEaWjOp8cSC4FD/dnSVh3kEGXx8nRCUAU0BCVGkXMHhO1cvqnm7w2bvJ4K0Et\nfnkIFbQO2jcAOYFmfyxl6yjCCB7U1o/IJe5yWT48wrw74Y76VUODP4MlcLXJj9Rc\nt2bOrD4cm4SGj/j0ZUVomsHqIkU7J84vuLhVnhNzDs43Dbvz8NmmdQCr6SOM70o+\nc7SmJyFVP6xHbTnlnph6g81zgtQGaTMohNjhz0lft41EvZpqedfcJiDN4k0Ev2pY\niTsE2N8x9dZgR4VtuTwUixyE3O4DvCpHETfyVhchT9xbo+TItVOv1E5tI4Xqpnm2\n0uiEPPanlFaSXrnkLo+RKPXY0ewqZwKE6BN32RJrupJ2KR4DqliRCz63TIp0vlvf\nuTMAAAc46smpQerJqUEAAAAHc3NoLXJzYQAAAgEAnE4y3zgx1hkdB2oMydU+EIX2\npxpXox+3KCDWjTsFh40N26o8Ex0F+WBfosKfI3PjRF+Hr8/bG2ENsW0+o3fMrOiB\nJMr40C21J7vu6POoZyp4lxVpDerJUWQF1VuTVsxPIcfIZtd/cYNa9jgzs0lhoedQ\n/0ZDjIg2vGB0Nr7G2tfzS/VLyLcw7vjWLdFvdRWmW4LHZa1gHwRTEHK2LCyc2NuP\n1L31+a2K1Kmtp0w7i/aCvSX1HvUWR6EitvVoeLPyNeVKk+siN/tDNxbbbgOQ7TqA\n5lhNh+5xfghwcDrv0zDgEaWjOp8cSC4FD/dnSVh3kEGXx8nRCUAU0BCVGkXMHhO1\ncvqnm7w2bvJ4K0EtfnkIFbQO2jcAOYFmfyxl6yjCCB7U1o/IJe5yWT48wrw74Y76\nVUODP4MlcLXJj9Rct2bOrD4cm4SGj/j0ZUVomsHqIkU7J84vuLhVnhNzDs43Dbvz\n8NmmdQCr6SOM70o+c7SmJyFVP6xHbTnlnph6g81zgtQGaTMohNjhz0lft41EvZpq\nedfcJiDN4k0Ev2pYiTsE2N8x9dZgR4VtuTwUixyE3O4DvCpHETfyVhchT9xbo+TI\ntVOv1E5tI4Xqpnm20uiEPPanlFaSXrnkLo+RKPXY0ewqZwKE6BN32RJrupJ2KR4D\nqliRCz63TIp0vlvfuTMAAAADAQABAAACAAXU0QcM5KcVJsUZCsMY5ojdRpdzXyOh\n0kZ3+ykns4wcEhFI55ba9VcZZlf/JMrAzxDE8532hjkeRNGCvtyAYq1suyyxOdki\na2jBFSext22p4vfX/6RaRwp3TdRo5zVMyAL9nhdgIMwOV31qGVut+Ct/IsFzUJ/U\nkR40BwHn2ild9yC1VQ927idsNylcb+kRVrSBS4kaj8R4d9TcQrmhLHTWtCX+tEeN\nVumaLvVX3bzaBISj/uIZyKwBcfcbbrtaE0Y5eK/ODOfDwv0yKBuRnH2NOjPdxX61\nwZwvGmrFeB8L6sAdytosB3UV6nBvDXZqC4PhPpVgjSDoOB6PD9D8G6JQsNfrcLOx\ndnmqOg6jyI/YaJ74ovosPfLMIisS2N3xl890z9xtgvxw5ciK857e2A+w9ouU7lI9\n2WhlY4a37WdRVMITFu1MN1garpMzvWUsXRkACgelxyThRkuhovI/ofCmlBBDcqzh\nvnKfLKspPnSC0Vv4Mkuo7/D+2IyuBkQevn0XH+VG63007OtUlqbVwExLDYRrKzzA\npJuY86NYU7zK3W40zjQviU8p/OuIqEo/X6Kgs+CREb+cvuu6g7KTiYdjm1f4WWiv\nacEo6vniIhouBlRpp/g+vuuiYp7XWpB4fle2PzLV3CJXVhQr7hXkz/1u1v934mo7\njTGnADOz2CqpAAABAQCVH3nOH7NYbmC8A5VzHfzgWCs1u1JWB+gUI1WXt7gmsA5o\n/EHnsoooy8XsetrDyGCXNI7gTsV7fSnhmU24EgOByRIq0guELwVPlQjJuUFHcC9e\nqv3SCiWn6megMeuTId3NFdJrZiU+lx42j9TArcfuzyGk9yFll1THFTJQNkxbJUUF\n6lTRqvEkF7C2Qq3JqxDxDBBHu/ZT6DLUpcqfosD2ZQX8C0dDcyIDLlSnXY4IqOVj\nm5ZB5yIsg/LhEQG55xoi6KcGaIzH8OEaV7UbwJSP+8y/ii5yLIHyc/8AIa/TFNsC\neC2oBc27TQ9MTelnjkqQLl+SS7TTeGFsidly7mxdAAABAQDBiQNOZrhdh+1hle/C\n9k1+J3860oks0Ww5t8Mgdkan7ueIsyzB0B/YVDifcYBk8xvmmxphc94wL5LfLA8S\nqon51Wx6mZDAiaLyFOMpgJpcTe+zc/b9L1fM9RKGF/9s0gCstms4Njz4SxtuFQGQ\noQngwiT+96FrC9QJEAV3spdY3dLtKzyDNqkn6VDOC56kjIx2kin+12TAJaLuTtQH\ncpKGLf8asxl2xdLUjCdJqwVMR/jXbUovtHLYx9glrxwEMDhUTb1tqUevgsqJ3RGj\nDlX8/1KQdDkERBoCaUWdiRYd/gMLDhJmtPcOjUJPeCmm/+zOSl6PzBFS2opLlOBy\nxnN9AAABAQDOwQ0eAEWrTpWYc5MlgritxEcvomwikOeoHjjZ/68igzu+g4kz6B0i\nIpVkdQCJ3Pnm9byPkFtWjppuO+h4ZAsBijiOHOplsAo8g8zVlnJW7FzAKJkEOSno\nAhzIc+MHv7HO+3h9N6T8MrIbUIZkUl3c6KM29utKzXUXH/y+44zcLWt3WTIL5h49\nQpjrJ1g2ZUMcvrcDdaJLDPJ1guXXNxisBVTfx7xBtgYymZWNE+KdragOyWhaB4BF\nJMnOvqBlt7sFJeODdb2j//YS+AiGP1U5XYBWCUa5hqnu13Gw3Q8RW0H9zwz8P1Mu\ni1w7OpLQq4EDxMf5ks+f6FwI3NyLZx5vAAAAAAEC\n-----END OPENSSH PRIVATE KEY-----\n",
            "private_key_pem": "-----BEGIN RSA PRIVATE KEY-----\nMIIJKAIBAAKCAgEAnE4y3zgx1hkdB2oMydU+EIX2pxpXox+3KCDWjTsFh40N26o8\nEx0F+WBfosKfI3PjRF+Hr8/bG2ENsW0+o3fMrOiBJMr40C21J7vu6POoZyp4lxVp\nDerJUWQF1VuTVsxPIcfIZtd/cYNa9jgzs0lhoedQ/0ZDjIg2vGB0Nr7G2tfzS/VL\nyLcw7vjWLdFvdRWmW4LHZa1gHwRTEHK2LCyc2NuP1L31+a2K1Kmtp0w7i/aCvSX1\nHvUWR6EitvVoeLPyNeVKk+siN/tDNxbbbgOQ7TqA5lhNh+5xfghwcDrv0zDgEaWj\nOp8cSC4FD/dnSVh3kEGXx8nRCUAU0BCVGkXMHhO1cvqnm7w2bvJ4K0EtfnkIFbQO\n2jcAOYFmfyxl6yjCCB7U1o/IJe5yWT48wrw74Y76VUODP4MlcLXJj9Rct2bOrD4c\nm4SGj/j0ZUVomsHqIkU7J84vuLhVnhNzDs43Dbvz8NmmdQCr6SOM70o+c7SmJyFV\nP6xHbTnlnph6g81zgtQGaTMohNjhz0lft41EvZpqedfcJiDN4k0Ev2pYiTsE2N8x\n9dZgR4VtuTwUixyE3O4DvCpHETfyVhchT9xbo+TItVOv1E5tI4Xqpnm20uiEPPan\nlFaSXrnkLo+RKPXY0ewqZwKE6BN32RJrupJ2KR4DqliRCz63TIp0vlvfuTMCAwEA\nAQKCAgAF1NEHDOSnFSbFGQrDGOaI3UaXc18jodJGd/spJ7OMHBIRSOeW2vVXGWZX\n/yTKwM8QxPOd9oY5HkTRgr7cgGKtbLsssTnZImtowRUnsbdtqeL31/+kWkcKd03U\naOc1TMgC/Z4XYCDMDld9ahlbrfgrfyLBc1Cf1JEeNAcB59opXfcgtVUPdu4nbDcp\nXG/pEVa0gUuJGo/EeHfU3EK5oSx01rQl/rRHjVbpmi71V9282gSEo/7iGcisAXH3\nG267WhNGOXivzgznw8L9MigbkZx9jToz3cV+tcGcLxpqxXgfC+rAHcraLAd1Fepw\nbw12aguD4T6VYI0g6Dgejw/Q/BuiULDX63CzsXZ5qjoOo8iP2Gie+KL6LD3yzCIr\nEtjd8ZfPdM/cbYL8cOXIivOe3tgPsPaLlO5SPdloZWOGt+1nUVTCExbtTDdYGq6T\nM71lLF0ZAAoHpcck4UZLoaLyP6HwppQQQ3Ks4b5ynyyrKT50gtFb+DJLqO/w/tiM\nrgZEHr59Fx/lRut9NOzrVJam1cBMSw2Eays8wKSbmPOjWFO8yt1uNM40L4lPKfzr\niKhKP1+ioLPgkRG/nL7ruoOyk4mHY5tX+Flor2nBKOr54iIaLgZUaaf4Pr7romKe\n11qQeH5Xtj8y1dwiV1YUK+4V5M/9btb/d+JqO40xpwAzs9gqqQKCAQEAwYkDTma4\nXYftYZXvwvZNfid/OtKJLNFsObfDIHZGp+7niLMswdAf2FQ4n3GAZPMb5psaYXPe\nMC+S3ywPEqqJ+dVsepmQwImi8hTjKYCaXE3vs3P2/S9XzPUShhf/bNIArLZrODY8\n+EsbbhUBkKEJ4MIk/vehawvUCRAFd7KXWN3S7Ss8gzapJ+lQzguepIyMdpIp/tdk\nwCWi7k7UB3KShi3/GrMZdsXS1IwnSasFTEf4121KL7Ry2MfYJa8cBDA4VE29balH\nr4LKid0Row5V/P9SkHQ5BEQaAmlFnYkWHf4DCw4SZrT3Do1CT3gppv/szkpej8wR\nUtqKS5TgcsZzfQKCAQEAzsENHgBFq06VmHOTJYK4rcRHL6JsIpDnqB442f+vIoM7\nvoOJM+gdIiKVZHUAidz55vW8j5BbVo6abjvoeGQLAYo4jhzqZbAKPIPM1ZZyVuxc\nwCiZBDkp6AIcyHPjB7+xzvt4fTek/DKyG1CGZFJd3OijNvbrSs11Fx/8vuOM3C1r\nd1kyC+YePUKY6ydYNmVDHL63A3WiSwzydYLl1zcYrAVU38e8QbYGMpmVjRPina2o\nDsloWgeARSTJzr6gZbe7BSXjg3W9o//2EvgIhj9VOV2AVglGuYap7tdxsN0PEVtB\n/c8M/D9TLotcOzqS0KuBA8TH+ZLPn+hcCNzci2cebwKCAQBF5WrpRNXvCalk5hbK\njdPc7PzZTLI4GoaArept7emEuxap2zQd50GpCnnMs9xQGTEJbxju+z7SnkvoB+yF\nrEvajAb6nD2YG91amsqT8ZtOHOOmJwqb1B5cqmH/Rel87rdJqTQ9//CzJ8UHU9TV\n3CNKJjPgVaTZmVMB1uRyn3BjqvGDsGrRZMtg27XQRIgOG6ibJhy+qiH791vJv3R6\nIBnlFfWdOfPHXpjPJLMHuxlVvGSVwSXa5svXmQ1qRrzSkmu1nsH8Offm3lCxy8KT\n5hiOH9Q80YzKCqJuHoEC7UCsolGNC47/wvm7Kq85Lke0xZdLxbYzLttO1hi+RU1u\nhletAoIBAAFRleXVFpyrGaUpR4z7snXZRKL3JD1sMy4NU0uAp/tOXvkuGZftKRJo\nqg9D98bpU+a3Noar4wlAS5fcZfUunitaWFX/tTcE0mvkY1ARb5VCWK0ZFTDDtJK4\nQLq+knogLOAnFnOmATVilWQ7NUA6jkK0cSYOmR2XBeIp4BDPnrxgxcizFvCgfRzi\n6drGG3ftWWo7hStOesSDxqAdP54Jyex+9DWhLoA0ywFTnXKS5+UdkG7XtgSs+5J1\nU5wv9xHvBBBaV4MlIxqCrW0di+BfUwnUoNbrpDnWtArD8QOxxUDVFiyqP2j0dnFb\njjEKhJk0HtSJUsUyvIRGlR+xWO7Cr50CggEBAJUfec4fs1huYLwDlXMd/OBYKzW7\nUlYH6BQjVZe3uCawDmj8QeeyiijLxex62sPIYJc0juBOxXt9KeGZTbgSA4HJEirS\nC4QvBU+VCMm5QUdwL16q/dIKJafqZ6Ax65Mh3c0V0mtmJT6XHjaP1MCtx+7PIaT3\nIWWXVMcVMlA2TFslRQXqVNGq8SQXsLZCrcmrEPEMEEe79lPoMtSlyp+iwPZlBfwL\nR0NzIgMuVKddjgio5WOblkHnIiyD8uERAbnnGiLopwZojMfw4RpXtRvAlI/7zL+K\nLnIsgfJz/wAhr9MU2wJ4LagFzbtND0xN6WeOSpAuX5JLtNN4YWyJ2XLubF0=\n-----END RSA PRIVATE KEY-----\n",
            "private_key_pem_pkcs8": "-----BEGIN PRIVATE KEY-----\nMIIJQgIBADANBgkqhkiG9w0BAQEFAASCCSwwggkoAgEAAoICAQCcTjLfODHWGR0H\nagzJ1T4QhfanGlejH7coINaNOwWHjQ3bqjwTHQX5YF+iwp8jc+NEX4evz9sbYQ2x\nbT6jd8ys6IEkyvjQLbUnu+7o86hnKniXFWkN6slRZAXVW5NWzE8hx8hm139xg1r2\nODOzSWGh51D/RkOMiDa8YHQ2vsba1/NL9UvItzDu+NYt0W91FaZbgsdlrWAfBFMQ\ncrYsLJzY24/UvfX5rYrUqa2nTDuL9oK9JfUe9RZHoSK29Wh4s/I15UqT6yI3+0M3\nFttuA5DtOoDmWE2H7nF+CHBwOu/TMOARpaM6nxxILgUP92dJWHeQQZfHydEJQBTQ\nEJUaRcweE7Vy+qebvDZu8ngrQS1+eQgVtA7aNwA5gWZ/LGXrKMIIHtTWj8gl7nJZ\nPjzCvDvhjvpVQ4M/gyVwtcmP1Fy3Zs6sPhybhIaP+PRlRWiaweoiRTsnzi+4uFWe\nE3MOzjcNu/Pw2aZ1AKvpI4zvSj5ztKYnIVU/rEdtOeWemHqDzXOC1AZpMyiE2OHP\nSV+3jUS9mmp519wmIM3iTQS/aliJOwTY3zH11mBHhW25PBSLHITc7gO8KkcRN/JW\nFyFP3Fuj5Mi1U6/UTm0jheqmebbS6IQ89qeUVpJeueQuj5Eo9djR7CpnAoToE3fZ\nEmu6knYpHgOqWJELPrdMinS+W9+5MwIDAQABAoICAAXU0QcM5KcVJsUZCsMY5ojd\nRpdzXyOh0kZ3+ykns4wcEhFI55ba9VcZZlf/JMrAzxDE8532hjkeRNGCvtyAYq1s\nuyyxOdkia2jBFSext22p4vfX/6RaRwp3TdRo5zVMyAL9nhdgIMwOV31qGVut+Ct/\nIsFzUJ/UkR40BwHn2ild9yC1VQ927idsNylcb+kRVrSBS4kaj8R4d9TcQrmhLHTW\ntCX+tEeNVumaLvVX3bzaBISj/uIZyKwBcfcbbrtaE0Y5eK/ODOfDwv0yKBuRnH2N\nOjPdxX61wZwvGmrFeB8L6sAdytosB3UV6nBvDXZqC4PhPpVgjSDoOB6PD9D8G6JQ\nsNfrcLOxdnmqOg6jyI/YaJ74ovosPfLMIisS2N3xl890z9xtgvxw5ciK857e2A+w\n9ouU7lI92WhlY4a37WdRVMITFu1MN1garpMzvWUsXRkACgelxyThRkuhovI/ofCm\nlBBDcqzhvnKfLKspPnSC0Vv4Mkuo7/D+2IyuBkQevn0XH+VG63007OtUlqbVwExL\nDYRrKzzApJuY86NYU7zK3W40zjQviU8p/OuIqEo/X6Kgs+CREb+cvuu6g7KTiYdj\nm1f4WWivacEo6vniIhouBlRpp/g+vuuiYp7XWpB4fle2PzLV3CJXVhQr7hXkz/1u\n1v934mo7jTGnADOz2CqpAoIBAQDBiQNOZrhdh+1hle/C9k1+J3860oks0Ww5t8Mg\ndkan7ueIsyzB0B/YVDifcYBk8xvmmxphc94wL5LfLA8Sqon51Wx6mZDAiaLyFOMp\ngJpcTe+zc/b9L1fM9RKGF/9s0gCstms4Njz4SxtuFQGQoQngwiT+96FrC9QJEAV3\nspdY3dLtKzyDNqkn6VDOC56kjIx2kin+12TAJaLuTtQHcpKGLf8asxl2xdLUjCdJ\nqwVMR/jXbUovtHLYx9glrxwEMDhUTb1tqUevgsqJ3RGjDlX8/1KQdDkERBoCaUWd\niRYd/gMLDhJmtPcOjUJPeCmm/+zOSl6PzBFS2opLlOByxnN9AoIBAQDOwQ0eAEWr\nTpWYc5MlgritxEcvomwikOeoHjjZ/68igzu+g4kz6B0iIpVkdQCJ3Pnm9byPkFtW\njppuO+h4ZAsBijiOHOplsAo8g8zVlnJW7FzAKJkEOSnoAhzIc+MHv7HO+3h9N6T8\nMrIbUIZkUl3c6KM29utKzXUXH/y+44zcLWt3WTIL5h49QpjrJ1g2ZUMcvrcDdaJL\nDPJ1guXXNxisBVTfx7xBtgYymZWNE+KdragOyWhaB4BFJMnOvqBlt7sFJeODdb2j\n//YS+AiGP1U5XYBWCUa5hqnu13Gw3Q8RW0H9zwz8P1Mui1w7OpLQq4EDxMf5ks+f\n6FwI3NyLZx5vAoIBAEXlaulE1e8JqWTmFsqN09zs/NlMsjgahoCt6m3t6YS7Fqnb\nNB3nQakKecyz3FAZMQlvGO77PtKeS+gH7IWsS9qMBvqcPZgb3VqaypPxm04c46Yn\nCpvUHlyqYf9F6Xzut0mpND3/8LMnxQdT1NXcI0omM+BVpNmZUwHW5HKfcGOq8YOw\natFky2DbtdBEiA4bqJsmHL6qIfv3W8m/dHogGeUV9Z0588demM8kswe7GVW8ZJXB\nJdrmy9eZDWpGvNKSa7Wewfw59+beULHLwpPmGI4f1DzRjMoKom4egQLtQKyiUY0L\njv/C+bsqrzkuR7TFl0vFtjMu207WGL5FTW6GV60CggEAAVGV5dUWnKsZpSlHjPuy\nddlEovckPWwzLg1TS4Cn+05e+S4Zl+0pEmiqD0P3xulT5rc2hqvjCUBLl9xl9S6e\nK1pYVf+1NwTSa+RjUBFvlUJYrRkVMMO0krhAur6SeiAs4CcWc6YBNWKVZDs1QDqO\nQrRxJg6ZHZcF4ingEM+evGDFyLMW8KB9HOLp2sYbd+1ZajuFK056xIPGoB0/ngnJ\n7H70NaEugDTLAVOdcpLn5R2Qbte2BKz7knVTnC/3Ee8EEFpXgyUjGoKtbR2L4F9T\nCdSg1uukOda0CsPxA7HFQNUWLKo/aPR2cVuOMQqEmTQe1IlSxTK8hEaVH7FY7sKv\nnQKCAQEAlR95zh+zWG5gvAOVcx384FgrNbtSVgfoFCNVl7e4JrAOaPxB57KKKMvF\n7Hraw8hglzSO4E7Fe30p4ZlNuBIDgckSKtILhC8FT5UIyblBR3AvXqr90golp+pn\noDHrkyHdzRXSa2YlPpceNo/UwK3H7s8hpPchZZdUxxUyUDZMWyVFBepU0arxJBew\ntkKtyasQ8QwQR7v2U+gy1KXKn6LA9mUF/AtHQ3MiAy5Up12OCKjlY5uWQeciLIPy\n4REBuecaIuinBmiMx/DhGle1G8CUj/vMv4ouciyB8nP/ACGv0xTbAngtqAXNu00P\nTE3pZ45KkC5fkku003hhbInZcu5sXQ==\n-----END PRIVATE KEY-----\n",
            "public_key_fingerprint_md5": "fb:13:9d:b5:dc:80:45:d3:a0:05:2f:b8:e2:69:f2:9a",
            "public_key_fingerprint_sha256": "SHA256:RyXR/jzMWbxpDO7TGeGTsQ4f/d3+KCmwqlgEyRR30Dk",
            "public_key_openssh": "ssh-rsa AAAAB3NzaC1yc2EAAAADAQABAAACAQCcTjLfODHWGR0HagzJ1T4QhfanGlejH7coINaNOwWHjQ3bqjwTHQX5YF+iwp8jc+NEX4evz9sbYQ2xbT6jd8ys6IEkyvjQLbUnu+7o86hnKniXFWkN6slRZAXVW5NWzE8hx8hm139xg1r2ODOzSWGh51D/RkOMiDa8YHQ2vsba1/NL9UvItzDu+NYt0W91FaZbgsdlrWAfBFMQcrYsLJzY24/UvfX5rYrUqa2nTDuL9oK9JfUe9RZHoSK29Wh4s/I15UqT6yI3+0M3FttuA5DtOoDmWE2H7nF+CHBwOu/TMOARpaM6nxxILgUP92dJWHeQQZfHydEJQBTQEJUaRcweE7Vy+qebvDZu8ngrQS1+eQgVtA7aNwA5gWZ/LGXrKMIIHtTWj8gl7nJZPjzCvDvhjvpVQ4M/gyVwtcmP1Fy3Zs6sPhybhIaP+PRlRWiaweoiRTsnzi+4uFWeE3MOzjcNu/Pw2aZ1AKvpI4zvSj5ztKYnIVU/rEdtOeWemHqDzXOC1AZpMyiE2OHPSV+3jUS9mmp519wmIM3iTQS/aliJOwTY3zH11mBHhW25PBSLHITc7gO8KkcRN/JWFyFP3Fuj5Mi1U6/UTm0jheqmebbS6IQ89qeUVpJeueQuj5Eo9djR7CpnAoToE3fZEmu6knYpHgOqWJELPrdMinS+W9+5Mw==\n",
            "public_key_pem": "-----BEGIN PUBLIC KEY-----\nMIICIjANBgkqhkiG9w0BAQEFAAOCAg8AMIICCgKCAgEAnE4y3zgx1hkdB2oMydU+\nEIX2pxpXox+3KCDWjTsFh40N26o8Ex0F+WBfosKfI3PjRF+Hr8/bG2ENsW0+o3fM\nrOiBJMr40C21J7vu6POoZyp4lxVpDerJUWQF1VuTVsxPIcfIZtd/cYNa9jgzs0lh\noedQ/0ZDjIg2vGB0Nr7G2tfzS/VLyLcw7vjWLdFvdRWmW4LHZa1gHwRTEHK2LCyc\n2NuP1L31+a2K1Kmtp0w7i/aCvSX1HvUWR6EitvVoeLPyNeVKk+siN/tDNxbbbgOQ\n7TqA5lhNh+5xfghwcDrv0zDgEaWjOp8cSC4FD/dnSVh3kEGXx8nRCUAU0BCVGkXM\nHhO1cvqnm7w2bvJ4K0EtfnkIFbQO2jcAOYFmfyxl6yjCCB7U1o/IJe5yWT48wrw7\n4Y76VUODP4MlcLXJj9Rct2bOrD4cm4SGj/j0ZUVomsHqIkU7J84vuLhVnhNzDs43\nDbvz8NmmdQCr6SOM70o+c7SmJyFVP6xHbTnlnph6g81zgtQGaTMohNjhz0lft41E\nvZpqedfcJiDN4k0Ev2pYiTsE2N8x9dZgR4VtuTwUixyE3O4DvCpHETfyVhchT9xb\no+TItVOv1E5tI4Xqpnm20uiEPPanlFaSXrnkLo+RKPXY0ewqZwKE6BN32RJrupJ2\nKR4DqliRCz63TIp0vlvfuTMCAwEAAQ==\n-----END PUBLIC KEY-----\n",
            "rsa_bits": 4096
          },
          "sensitive_attributes": []
        }
      ]
    }
  ],
  "check_results": null
}
